
Microsoft Visual Studio Solution File, Format Version 12.00
# Visual Studio 15
VisualStudioVersion = 15.0.26730.12
MinimumVisualStudioVersion = 10.0.40219.1
Project("{9A19103F-16F7-4668-BE54-9A1E7A4F7556}") = "AmazonQuestion2", "AmazonQuestion2\AmazonQuestion2.csproj", "{B081E099-62CF-4974-9676-8B88DE04AA06}"
EndProject
Project("{FAE04EC0-301F-11D3-BF4B-00C04F79EFBC}") = "UnitTests", "UnitTests\UnitTests.csproj", "{FF1BE5B4-D384-4431-943B-3C86FFCDB7DA}"
EndProject
Global
	GlobalSection(SolutionConfigurationPlatforms) = preSolution
		Debug|Any CPU = Debug|Any CPU
		Release|Any CPU = Release|Any CPU
	EndGlobalSection
	GlobalSection(ProjectConfigurationPlatforms) = postSolution
		{B081E099-62CF-4974-9676-8B88DE04AA06}.Debug|Any CPU.ActiveCfg = Debug|Any CPU
		{B081E099-62CF-4974-9676-8B88DE04AA06}.Debug|Any CPU.Build.0 = Debug|Any CPU
		{B081E099-62CF-4974-9676-8B88DE04AA06}.Release|Any CPU.ActiveCfg = Release|Any CPU
		{B081E099-62CF-4974-9676-8B88DE04AA06}.Release|Any CPU.Build.0 = Release|Any CPU
		{FF1BE5B4-D384-4431-943B-3C86FFCDB7DA}.Debug|Any CPU.ActiveCfg = Debug|Any CPU
		{FF1BE5B4-D384-4431-943B-3C86FFCDB7DA}.Debug|Any CPU.Build.0 = Debug|Any CPU
		{FF1BE5B4-D384-4431-943B-3C86FFCDB7DA}.Release|Any CPU.ActiveCfg = Release|Any CPU
		{FF1BE5B4-D384-4431-943B-3C86FFCDB7DA}.Release|Any CPU.Build.0 = Release|Any CPU
	EndGlobalSection
	GlobalSection(SolutionProperties) = preSolution
		HideSolutionNode = FALSE
	EndGlobalSection
	GlobalSection(ExtensibilityGlobals) = postSolution
		SolutionGuid = {FF5B3AA0-F9A0-4D78-AA54-76D0F0DEB721}
	EndGlobalSection
EndGlobal
